
Microsoft Visual Studio Solution File, Format Version 12.00
# Visual Studio Version 17
VisualStudioVersion = 17.7.34031.279
MinimumVisualStudioVersion = 10.0.40219.1
Project("{FAE04EC0-301F-11D3-BF4B-00C04F79EFBC}") = "Lab2B", "Lab2\Lab2B.csproj", "{8886DA76-2F6D-48B9-97BD-65232F661706}"
EndProject
Global
	GlobalSection(SolutionConfigurationPlatforms) = preSolution
		Debug|Any CPU = Debug|Any CPU
		Release|Any CPU = Release|Any CPU
	EndGlobalSection
	GlobalSection(ProjectConfigurationPlatforms) = postSolution
		{8886DA76-2F6D-48B9-97BD-65232F661706}.Debug|Any CPU.ActiveCfg = Debug|Any CPU
		{8886DA76-2F6D-48B9-97BD-65232F661706}.Debug|Any CPU.Build.0 = Debug|Any CPU
		{8886DA76-2F6D-48B9-97BD-65232F661706}.Release|Any CPU.ActiveCfg = Release|Any CPU
		{8886DA76-2F6D-48B9-97BD-65232F661706}.Release|Any CPU.Build.0 = Release|Any CPU
	EndGlobalSection
	GlobalSection(SolutionProperties) = preSolution
		HideSolutionNode = FALSE
	EndGlobalSection
	GlobalSection(ExtensibilityGlobals) = postSolution
		SolutionGuid = {CFC4322C-1932-480E-BC46-BCDA70C5BC20}
	EndGlobalSection
EndGlobal
